// !$*UTF8*$!
{
	archiveVersion = 1;
	classes = {
	};
	objectVersion = 50;
	objects = {

/* Begin PBXBuildFile section */
		6040EF25255EA8A300C4CFF9 /* AppDelegate.swift in Sources */ = {isa = PBXBuildFile; fileRef = 6040EF24255EA8A300C4CFF9 /* AppDelegate.swift */; };
		6040EF27255EA8A300C4CFF9 /* SceneDelegate.swift in Sources */ = {isa = PBXBuildFile; fileRef = 6040EF26255EA8A300C4CFF9 /* SceneDelegate.swift */; };
		6040EF29255EA8A300C4CFF9 /* HomeController.swift in Sources */ = {isa = PBXBuildFile; fileRef = 6040EF28255EA8A300C4CFF9 /* HomeController.swift */; };
		6040EF2C255EA8A300C4CFF9 /* Main.storyboard in Resources */ = {isa = PBXBuildFile; fileRef = 6040EF2A255EA8A300C4CFF9 /* Main.storyboard */; };
		6040EF2F255EA8A300C4CFF9 /* BSCodeTest.xcdatamodeld in Sources */ = {isa = PBXBuildFile; fileRef = 6040EF2D255EA8A300C4CFF9 /* BSCodeTest.xcdatamodeld */; };
		6040EF31255EA8A500C4CFF9 /* Assets.xcassets in Resources */ = {isa = PBXBuildFile; fileRef = 6040EF30255EA8A500C4CFF9 /* Assets.xcassets */; };
		6040EF34255EA8A500C4CFF9 /* LaunchScreen.storyboard in Resources */ = {isa = PBXBuildFile; fileRef = 6040EF32255EA8A500C4CFF9 /* LaunchScreen.storyboard */; };
		6040EF3E255F7E6800C4CFF9 /* DetailsController.swift in Sources */ = {isa = PBXBuildFile; fileRef = 6040EF3D255F7E6800C4CFF9 /* DetailsController.swift */; };
		6040EF492560D97D00C4CFF9 /* AddPurchaseOrderController.swift in Sources */ = {isa = PBXBuildFile; fileRef = 6040EF482560D97D00C4CFF9 /* AddPurchaseOrderController.swift */; };
		605654DB25623BCD00E16AF8 /* CoreDataManager.swift in Sources */ = {isa = PBXBuildFile; fileRef = 605654DA25623BCD00E16AF8 /* CoreDataManager.swift */; };
		605654E62562695D00E16AF8 /* HomeHeaderView.swift in Sources */ = {isa = PBXBuildFile; fileRef = 605654E52562695D00E16AF8 /* HomeHeaderView.swift */; };
/* End PBXBuildFile section */

/* Begin PBXFileReference section */
		6040EF21255EA8A300C4CFF9 /* BSCodeTest.app */ = {isa = PBXFileReference; explicitFileType = wrapper.application; includeInIndex = 0; path = BSCodeTest.app; sourceTree = BUILT_PRODUCTS_DIR; };
		6040EF24255EA8A300C4CFF9 /* AppDelegate.swift */ = {isa = PBXFileReference; lastKnownFileType = sourcecode.swift; path = AppDelegate.swift; sourceTree = "<group>"; };
		6040EF26255EA8A300C4CFF9 /* SceneDelegate.swift */ = {isa = PBXFileReference; lastKnownFileType = sourcecode.swift; path = SceneDelegate.swift; sourceTree = "<group>"; };
		6040EF28255EA8A300C4CFF9 /* HomeController.swift */ = {isa = PBXFileReference; lastKnownFileType = sourcecode.swift; path = HomeController.swift; sourceTree = "<group>"; };
		6040EF2B255EA8A300C4CFF9 /* Base */ = {isa = PBXFileReference; lastKnownFileType = file.storyboard; name = Base; path = Base.lproj/Main.storyboard; sourceTree = "<group>"; };
		6040EF2E255EA8A300C4CFF9 /* BSCodeTest.xcdatamodel */ = {isa = PBXFileReference; lastKnownFileType = wrapper.xcdatamodel; path = BSCodeTest.xcdatamodel; sourceTree = "<group>"; };
		6040EF30255EA8A500C4CFF9 /* Assets.xcassets */ = {isa = PBXFileReference; lastKnownFileType = folder.assetcatalog; path = Assets.xcassets; sourceTree = "<group>"; };
		6040EF33255EA8A500C4CFF9 /* Base */ = {isa = PBXFileReference; lastKnownFileType = file.storyboard; name = Base; path = Base.lproj/LaunchScreen.storyboard; sourceTree = "<group>"; };
		6040EF35255EA8A500C4CFF9 /* Info.plist */ = {isa = PBXFileReference; lastKnownFileType = text.plist.xml; path = Info.plist; sourceTree = "<group>"; };
		6040EF3D255F7E6800C4CFF9 /* DetailsController.swift */ = {isa = PBXFileReference; lastKnownFileType = sourcecode.swift; path = DetailsController.swift; sourceTree = "<group>"; };
		6040EF482560D97D00C4CFF9 /* AddPurchaseOrderController.swift */ = {isa = PBXFileReference; lastKnownFileType = sourcecode.swift; path = AddPurchaseOrderController.swift; sourceTree = "<group>"; };
		605654DA25623BCD00E16AF8 /* CoreDataManager.swift */ = {isa = PBXFileReference; lastKnownFileType = sourcecode.swift; path = CoreDataManager.swift; sourceTree = "<group>"; };
		605654E52562695D00E16AF8 /* HomeHeaderView.swift */ = {isa = PBXFileReference; lastKnownFileType = sourcecode.swift; path = HomeHeaderView.swift; sourceTree = "<group>"; };
/* End PBXFileReference section */

/* Begin PBXFrameworksBuildPhase section */
		6040EF1E255EA8A300C4CFF9 /* Frameworks */ = {
			isa = PBXFrameworksBuildPhase;
			buildActionMask = 2147483647;
			files = (
			);
			runOnlyForDeploymentPostprocessing = 0;
		};
/* End PBXFrameworksBuildPhase section */

/* Begin PBXGroup section */
		6040EF18255EA8A300C4CFF9 = {
			isa = PBXGroup;
			children = (
				6040EF23255EA8A300C4CFF9 /* BSCodeTest */,
			);
			sourceTree = "<group>";
		};
		6040EF22255EA8A300C4CFF9 /* Products */ = {
			isa = PBXGroup;
			children = (
				6040EF21255EA8A300C4CFF9 /* BSCodeTest.app */,
			);
			name = Products;
			path = ..;
			sourceTree = "<group>";
		};
		6040EF23255EA8A300C4CFF9 /* BSCodeTest */ = {
			isa = PBXGroup;
			children = (
				6040EF43255FD2F800C4CFF9 /* View */,
				6040EF42255FD2EC00C4CFF9 /* Model */,
				6040EF41255FD2D400C4CFF9 /* Controllers */,
				6040EF2A255EA8A300C4CFF9 /* Main.storyboard */,
				6040EF30255EA8A500C4CFF9 /* Assets.xcassets */,
				6040EF32255EA8A500C4CFF9 /* LaunchScreen.storyboard */,
				6040EF35255EA8A500C4CFF9 /* Info.plist */,
				6040EF22255EA8A300C4CFF9 /* Products */,
			);
			path = BSCodeTest;
			sourceTree = "<group>";
		};
		6040EF41255FD2D400C4CFF9 /* Controllers */ = {
			isa = PBXGroup;
			children = (
				6040EF3D255F7E6800C4CFF9 /* DetailsController.swift */,
				6040EF28255EA8A300C4CFF9 /* HomeController.swift */,
				6040EF26255EA8A300C4CFF9 /* SceneDelegate.swift */,
				6040EF24255EA8A300C4CFF9 /* AppDelegate.swift */,
				6040EF482560D97D00C4CFF9 /* AddPurchaseOrderController.swift */,
			);
			path = Controllers;
			sourceTree = "<group>";
		};
		6040EF42255FD2EC00C4CFF9 /* Model */ = {
			isa = PBXGroup;
			children = (
				605654DA25623BCD00E16AF8 /* CoreDataManager.swift */,
				6040EF2D255EA8A300C4CFF9 /* BSCodeTest.xcdatamodeld */,
			);
			path = Model;
			sourceTree = "<group>";
		};
		6040EF43255FD2F800C4CFF9 /* View */ = {
			isa = PBXGroup;
			children = (
				605654E52562695D00E16AF8 /* HomeHeaderView.swift */,
			);
			path = View;
			sourceTree = "<group>";
		};
/* End PBXGroup section */

/* Begin PBXNativeTarget section */
		6040EF20255EA8A300C4CFF9 /* BSCodeTest */ = {
			isa = PBXNativeTarget;
			buildConfigurationList = 6040EF38255EA8A500C4CFF9 /* Build configuration list for PBXNativeTarget "BSCodeTest" */;
			buildPhases = (
				6040EF1D255EA8A300C4CFF9 /* Sources */,
				6040EF1E255EA8A300C4CFF9 /* Frameworks */,
				6040EF1F255EA8A300C4CFF9 /* Resources */,
			);
			buildRules = (
			);
			dependencies = (
			);
			name = BSCodeTest;
			productName = BSCodeTest;
			productReference = 6040EF21255EA8A300C4CFF9 /* BSCodeTest.app */;
			productType = "com.apple.product-type.application";
		};
/* End PBXNativeTarget section */

/* Begin PBXProject section */
		6040EF19255EA8A300C4CFF9 /* Project object */ = {
			isa = PBXProject;
			attributes = {
				LastSwiftUpdateCheck = 1200;
				LastUpgradeCheck = 1200;
				TargetAttributes = {
					6040EF20255EA8A300C4CFF9 = {
						CreatedOnToolsVersion = 12.0.1;
					};
				};
			};
			buildConfigurationList = 6040EF1C255EA8A300C4CFF9 /* Build configuration list for PBXProject "BSCodeTest" */;
			compatibilityVersion = "Xcode 9.3";
			developmentRegion = en;
			hasScannedForEncodings = 0;
			knownRegions = (
				en,
				Base,
			);
			mainGroup = 6040EF18255EA8A300C4CFF9;
			productRefGroup = 6040EF22255EA8A300C4CFF9 /* Products */;
			projectDirPath = "";
			projectRoot = "";
			targets = (
				6040EF20255EA8A300C4CFF9 /* BSCodeTest */,
			);
		};
/* End PBXProject section */

/* Begin PBXResourcesBuildPhase section */
		6040EF1F255EA8A300C4CFF9 /* Resources */ = {
			isa = PBXResourcesBuildPhase;
			buildActionMask = 2147483647;
			files = (
				6040EF34255EA8A500C4CFF9 /* LaunchScreen.storyboard in Resources */,
				6040EF31255EA8A500C4CFF9 /* Assets.xcassets in Resources */,
				6040EF2C255EA8A300C4CFF9 /* Main.storyboard in Resources */,
			);
			runOnlyForDeploymentPostprocessing = 0;
		};
/* End PBXResourcesBuildPhase section */

/* Begin PBXSourcesBuildPhase section */
		6040EF1D255EA8A300C4CFF9 /* Sources */ = {
			isa = PBXSourcesBuildPhase;
			buildActionMask = 2147483647;
			files = (
				6040EF29255EA8A300C4CFF9 /* HomeController.swift in Sources */,
				6040EF492560D97D00C4CFF9 /* AddPurchaseOrderController.swift in Sources */,
				6040EF25255EA8A300C4CFF9 /* AppDelegate.swift in Sources */,
				6040EF3E255F7E6800C4CFF9 /* DetailsController.swift in Sources */,
				605654E62562695D00E16AF8 /* HomeHeaderView.swift in Sources */,
				6040EF27255EA8A300C4CFF9 /* SceneDelegate.swift in Sources */,
				605654DB25623BCD00E16AF8 /* CoreDataManager.swift in Sources */,
				6040EF2F255EA8A300C4CFF9 /* BSCodeTest.xcdatamodeld in Sources */,
			);
			runOnlyForDeploymentPostprocessing = 0;
		};
/* End PBXSourcesBuildPhase section */

/* Begin PBXVariantGroup section */
		6040EF2A255EA8A300C4CFF9 /* Main.storyboard */ = {
			isa = PBXVariantGroup;
			children = (
				6040EF2B255EA8A300C4CFF9 /* Base */,
			);
			name = Main.storyboard;
			sourceTree = "<group>";
		};
		6040EF32255EA8A500C4CFF9 /* LaunchScreen.storyboard */ = {
			isa = PBXVariantGroup;
			children = (
				6040EF33255EA8A500C4CFF9 /* Base */,
			);
			name = LaunchScreen.storyboard;
			sourceTree = "<group>";
		};
/* End PBXVariantGroup section */

/* Begin XCBuildConfiguration section */
		6040EF36255EA8A500C4CFF9 /* Debug */ = {
			isa = XCBuildConfiguration;
			buildSettings = {
				ALWAYS_SEARCH_USER_PATHS = NO;
				CLANG_ANALYZER_NONNULL = YES;
				CLANG_ANALYZER_NUMBER_OBJECT_CONVERSION = YES_AGGRESSIVE;
				CLANG_CXX_LANGUAGE_STANDARD = "gnu++14";
				CLANG_CXX_LIBRARY = "libc++";
				CLANG_ENABLE_MODULES = YES;
				CLANG_ENABLE_OBJC_ARC = YES;
				CLANG_ENABLE_OBJC_WEAK = YES;
				CLANG_WARN_BLOCK_CAPTURE_AUTORELEASING = YES;
				CLANG_WARN_BOOL_CONVERSION = YES;
				CLANG_WARN_COMMA = YES;
				CLANG_WARN_CONSTANT_CONVERSION = YES;
				CLANG_WARN_DEPRECATED_OBJC_IMPLEMENTATIONS = YES;
				CLANG_WARN_DIRECT_OBJC_ISA_USAGE = YES_ERROR;
				CLANG_WARN_DOCUMENTATION_COMMENTS = YES;
				CLANG_WARN_EMPTY_BODY = YES;
				CLANG_WARN_ENUM_CONVERSION = YES;
				CLANG_WARN_INFINITE_RECURSION = YES;
				CLANG_WARN_INT_CONVERSION = YES;
				CLANG_WARN_NON_LITERAL_NULL_CONVERSION = YES;
				CLANG_WARN_OBJC_IMPLICIT_RETAIN_SELF = YES;
				CLANG_WARN_OBJC_LITERAL_CONVERSION = YES;
				CLANG_WARN_OBJC_ROOT_CLASS = YES_ERROR;
				CLANG_WARN_QUOTED_INCLUDE_IN_FRAMEWORK_HEADER = YES;
				CLANG_WARN_RANGE_LOOP_ANALYSIS = YES;
				CLANG_WARN_STRICT_PROTOTYPES = YES;
				CLANG_WARN_SUSPICIOUS_MOVE = YES;
				CLANG_WARN_UNGUARDED_AVAILABILITY = YES_AGGRESSIVE;
				CLANG_WARN_UNREACHABLE_CODE = YES;
				CLANG_WARN__DUPLICATE_METHOD_MATCH = YES;
				COPY_PHASE_STRIP = NO;
				DEBUG_INFORMATION_FORMAT = dwarf;
				ENABLE_STRICT_OBJC_MSGSEND = YES;
				ENABLE_TESTABILITY = YES;
				GCC_C_LANGUAGE_STANDARD = gnu11;
				GCC_DYNAMIC_NO_PIC = NO;
				GCC_NO_COMMON_BLOCKS = YES;
				GCC_OPTIMIZATION_LEVEL = 0;
				GCC_PREPROCESSOR_DEFINITIONS = (
					"DEBUG=1",
					"$(inherited)",
				);
				GCC_WARN_64_TO_32_BIT_CONVERSION = YES;
				GCC_WARN_ABOUT_RETURN_TYPE = YES_ERROR;
				GCC_WARN_UNDECLARED_SELECTOR = YES;
				GCC_WARN_UNINITIALIZED_AUTOS = YES_AGGRESSIVE;
				GCC_WARN_UNUSED_FUNCTION = YES;
				GCC_WARN_UNUSED_VARIABLE = YES;
				IPHONEOS_DEPLOYMENT_TARGET = 14.0;
				MTL_ENABLE_DEBUG_INFO = INCLUDE_SOURCE;
				MTL_FAST_MATH = YES;
				ONLY_ACTIVE_ARCH = YES;
				SDKROOT = iphoneos;
				SWIFT_ACTIVE_COMPILATION_CONDITIONS = DEBUG;
				SWIFT_OPTIMIZATION_LEVEL = "-Onone";
			};
			name = Debug;
		};
		6040EF37255EA8A500C4CFF9 /* Release */ = {
			isa = XCBuildConfiguration;
			buildSettings = {
				ALWAYS_SEARCH_USER_PATHS = NO;
				CLANG_ANALYZER_NONNULL = YES;
				CLANG_ANALYZER_NUMBER_OBJECT_CONVERSION = YES_AGGRESSIVE;
				CLANG_CXX_LANGUAGE_STANDARD = "gnu++14";
				CLANG_CXX_LIBRARY = "libc++";
				CLANG_ENABLE_MODULES = YES;
				CLANG_ENABLE_OBJC_ARC = YES;
				CLANG_ENABLE_OBJC_WEAK = YES;
				CLANG_WARN_BLOCK_CAPTURE_AUTORELEASING = YES;
				CLANG_WARN_BOOL_CONVERSION = YES;
				CLANG_WARN_COMMA = YES;
				CLANG_WARN_CONSTANT_CONVERSION = YES;
				CLANG_WARN_DEPRECATED_OBJC_IMPLEMENTATIONS = YES;
				CLANG_WARN_DIRECT_OBJC_ISA_USAGE = YES_ERROR;
				CLANG_WARN_DOCUMENTATION_COMMENTS = YES;
				CLANG_WARN_EMPTY_BODY = YES;
				CLANG_WARN_ENUM_CONVERSION = YES;
				CLANG_WARN_INFINITE_RECURSION = YES;
				CLANG_WARN_INT_CONVERSION = YES;
				CLANG_WARN_NON_LITERAL_NULL_CONVERSION = YES;
				CLANG_WARN_OBJC_IMPLICIT_RETAIN_SELF = YES;
				CLANG_WARN_OBJC_LITERAL_CONVERSION = YES;
				CLANG_WARN_OBJC_ROOT_CLASS = YES_ERROR;
				CLANG_WARN_QUOTED_INCLUDE_IN_FRAMEWORK_HEADER = YES;
				CLANG_WARN_RANGE_LOOP_ANALYSIS = YES;
				CLANG_WARN_STRICT_PROTOTYPES = YES;
				CLANG_WARN_SUSPICIOUS_MOVE = YES;
				CLANG_WARN_UNGUARDED_AVAILABILITY = YES_AGGRESSIVE;
				CLANG_WARN_UNREACHABLE_CODE = YES;
				CLANG_WARN__DUPLICATE_METHOD_MATCH = YES;
				COPY_PHASE_STRIP = NO;
				DEBUG_INFORMATION_FORMAT = "dwarf-with-dsym";
				ENABLE_NS_ASSERTIONS = NO;
				ENABLE_STRICT_OBJC_MSGSEND = YES;
				GCC_C_LANGUAGE_STANDARD = gnu11;
				GCC_NO_COMMON_BLOCKS = YES;
				GCC_WARN_64_TO_32_BIT_CONVERSION = YES;
				GCC_WARN_ABOUT_RETURN_TYPE = YES_ERROR;
				GCC_WARN_UNDECLARED_SELECTOR = YES;
				GCC_WARN_UNINITIALIZED_AUTOS = YES_AGGRESSIVE;
				GCC_WARN_UNUSED_FUNCTION = YES;
				GCC_WARN_UNUSED_VARIABLE = YES;
				IPHONEOS_DEPLOYMENT_TARGET = 14.0;
				MTL_ENABLE_DEBUG_INFO = NO;
				MTL_FAST_MATH = YES;
				SDKROOT = iphoneos;
				SWIFT_COMPILATION_MODE = wholemodule;
				SWIFT_OPTIMIZATION_LEVEL = "-O";
				VALIDATE_PRODUCT = YES;
			};
			name = Release;
		};
		6040EF39255EA8A500C4CFF9 /* Debug */ = {
			isa = XCBuildConfiguration;
			buildSettings = {
				ASSETCATALOG_COMPILER_APPICON_NAME = AppIcon;
				ASSETCATALOG_COMPILER_GLOBAL_ACCENT_COLOR_NAME = AccentColor;
				CODE_SIGN_STYLE = Automatic;
				DEVELOPMENT_TEAM = JKKLXJD89Q;
				INFOPLIST_FILE = BSCodeTest/Info.plist;
				LD_RUNPATH_SEARCH_PATHS = (
					"$(inherited)",
					"@executable_path/Frameworks",
				);
				PRODUCT_BUNDLE_IDENTIFIER = com.hanisahilole.BSCodeTest;
				PRODUCT_NAME = "$(TARGET_NAME)";
				SWIFT_VERSION = 5.0;
				TARGETED_DEVICE_FAMILY = "1,2";
			};
			name = Debug;
		};
		6040EF3A255EA8A500C4CFF9 /* Release */ = {
			isa = XCBuildConfiguration;
			buildSettings = {
				ASSETCATALOG_COMPILER_APPICON_NAME = AppIcon;
				ASSETCATALOG_COMPILER_GLOBAL_ACCENT_COLOR_NAME = AccentColor;
				CODE_SIGN_STYLE = Automatic;
				DEVELOPMENT_TEAM = JKKLXJD89Q;
				INFOPLIST_FILE = BSCodeTest/Info.plist;
				LD_RUNPATH_SEARCH_PATHS = (
					"$(inherited)",
					"@executable_path/Frameworks",
				);
				PRODUCT_BUNDLE_IDENTIFIER = com.hanisahilole.BSCodeTest;
				PRODUCT_NAME = "$(TARGET_NAME)";
				SWIFT_VERSION = 5.0;
				TARGETED_DEVICE_FAMILY = "1,2";
			};
			name = Release;
		};
/* End XCBuildConfiguration section */

/* Begin XCConfigurationList section */
		6040EF1C255EA8A300C4CFF9 /* Build configuration list for PBXProject "BSCodeTest" */ = {
			isa = XCConfigurationList;
			buildConfigurations = (
				6040EF36255EA8A500C4CFF9 /* Debug */,
				6040EF37255EA8A500C4CFF9 /* Release */,
			);
			defaultConfigurationIsVisible = 0;
			defaultConfigurationName = Release;
		};
		6040EF38255EA8A500C4CFF9 /* Build configuration list for PBXNativeTarget "BSCodeTest" */ = {
			isa = XCConfigurationList;
			buildConfigurations = (
				6040EF39255EA8A500C4CFF9 /* Debug */,
				6040EF3A255EA8A500C4CFF9 /* Release */,
			);
			defaultConfigurationIsVisible = 0;
			defaultConfigurationName = Release;
		};
/* End XCConfigurationList section */

/* Begin XCVersionGroup section */
		6040EF2D255EA8A300C4CFF9 /* BSCodeTest.xcdatamodeld */ = {
			isa = XCVersionGroup;
			children = (
				6040EF2E255EA8A300C4CFF9 /* BSCodeTest.xcdatamodel */,
			);
			currentVersion = 6040EF2E255EA8A300C4CFF9 /* BSCodeTest.xcdatamodel */;
			path = BSCodeTest.xcdatamodeld;
			sourceTree = "<group>";
			versionGroupType = wrapper.xcdatamodel;
		};
/* End XCVersionGroup section */
	};
	rootObject = 6040EF19255EA8A300C4CFF9 /* Project object */;
}
